
Microsoft Visual Studio Solution File, Format Version 12.00
# Visual Studio 2013
VisualStudioVersion = 12.0.30501.0
MinimumVisualStudioVersion = 10.0.40219.1
Project("{FAE04EC0-301F-11D3-BF4B-00C04F79EFBC}") = "Teste_Partner", "Teste_Partner\Teste_Partner.csproj", "{58865583-064D-49F3-97E4-5E3E6ABA7AFC}"
EndProject
Global
	GlobalSection(SolutionConfigurationPlatforms) = preSolution
		Debug|Any CPU = Debug|Any CPU
		Release|Any CPU = Release|Any CPU
	EndGlobalSection
	GlobalSection(ProjectConfigurationPlatforms) = postSolution
		{58865583-064D-49F3-97E4-5E3E6ABA7AFC}.Debug|Any CPU.ActiveCfg = Debug|Any CPU
		{58865583-064D-49F3-97E4-5E3E6ABA7AFC}.Debug|Any CPU.Build.0 = Debug|Any CPU
		{58865583-064D-49F3-97E4-5E3E6ABA7AFC}.Release|Any CPU.ActiveCfg = Release|Any CPU
		{58865583-064D-49F3-97E4-5E3E6ABA7AFC}.Release|Any CPU.Build.0 = Release|Any CPU
	EndGlobalSection
	GlobalSection(SolutionProperties) = preSolution
		HideSolutionNode = FALSE
	EndGlobalSection
EndGlobal
